{
  "nodes": {
    "nixpkgs": {
      "locked": {
        "lastModified": 1743269815,
        "narHash": "sha256-/Aq6qHF/5fk78t71UvJ6MvD0kW0L0e4FFSNq1WuRgY0=",
        "owner": "nixos",
        "repo": "nixpkgs",
        "rev": "0a5d47a772479763996e04063aa523474e030f89",
        "type": "github"
      },
      "original": {
        "owner": "nixos",
        "repo": "nixpkgs",
        "type": "github"
      }
    },
    "root": {
      "inputs": {
        "nixpkgs": "nixpkgs"
      }
    }
  },
  "root": "root",
  "version": 7
}
