{
  "nodes": {
    "nixpkgs": {
      "locked": {
        "lastModified": 1741842650,
        "narHash": "sha256-gyA3ngXZroBeWdrVsM+bL63hQMUheYCrC+V78TEgBeU=",
        "owner": "nixos",
        "repo": "nixpkgs",
        "rev": "b1f2198021490b51fb92b8b09db97b9ba2a7b4ce",
        "type": "github"
      },
      "original": {
        "owner": "nixos",
        "repo": "nixpkgs",
        "type": "github"
      }
    },
    "root": {
      "inputs": {
        "nixpkgs": "nixpkgs"
      }
    }
  },
  "root": "root",
  "version": 7
}
